
Microsoft Visual Studio Solution File, Format Version 12.00
# Visual Studio Version 17
VisualStudioVersion = 17.4.33122.133
MinimumVisualStudioVersion = 10.0.40219.1
Project("{8BC9CEB8-8B4A-11D0-8D11-00A0C91BC942}") = "YurisTools", "YurisTools\YurisTools.vcxproj", "{A8F148CD-A258-4329-9FEA-EB1C005B111E}"
EndProject
Global
	GlobalSection(SolutionConfigurationPlatforms) = preSolution
		Debug|x64 = Debug|x64
		Debug|x86 = Debug|x86
		Release|x64 = Release|x64
		Release|x86 = Release|x86
	EndGlobalSection
	GlobalSection(ProjectConfigurationPlatforms) = postSolution
		{A8F148CD-A258-4329-9FEA-EB1C005B111E}.Debug|x64.ActiveCfg = Debug|x64
		{A8F148CD-A258-4329-9FEA-EB1C005B111E}.Debug|x64.Build.0 = Debug|x64
		{A8F148CD-A258-4329-9FEA-EB1C005B111E}.Debug|x86.ActiveCfg = Debug|Win32
		{A8F148CD-A258-4329-9FEA-EB1C005B111E}.Debug|x86.Build.0 = Debug|Win32
		{A8F148CD-A258-4329-9FEA-EB1C005B111E}.Release|x64.ActiveCfg = Release|x64
		{A8F148CD-A258-4329-9FEA-EB1C005B111E}.Release|x64.Build.0 = Release|x64
		{A8F148CD-A258-4329-9FEA-EB1C005B111E}.Release|x86.ActiveCfg = Release|Win32
		{A8F148CD-A258-4329-9FEA-EB1C005B111E}.Release|x86.Build.0 = Release|Win32
	EndGlobalSection
	GlobalSection(SolutionProperties) = preSolution
		HideSolutionNode = FALSE
	EndGlobalSection
	GlobalSection(ExtensibilityGlobals) = postSolution
		SolutionGuid = {E9A4A2F9-34ED-458A-89F1-8CADA83B2F69}
	EndGlobalSection
EndGlobal
