
Microsoft Visual Studio Solution File, Format Version 12.00
# Visual Studio Version 17
VisualStudioVersion = 17.4.33122.133
MinimumVisualStudioVersion = 10.0.40219.1
Project("{2150E333-8FDC-42A3-9474-1A3956D46DE8}") = "lib", "lib", "{626022BE-6295-42EB-8F0C-7FAE057C72E8}"
EndProject
Project("{8BC9CEB8-8B4A-11D0-8D11-00A0C91BC942}") = "YurisLibrary", "lib\YurisStaticLibrary\YurisStaticLibrary.vcxproj", "{359CFE8E-E80F-4EC4-B6F7-9B477CE59AB0}"
EndProject
Project("{8BC9CEB8-8B4A-11D0-8D11-00A0C91BC942}") = "Rxx", "lib\Rxx\Rxx.vcxproj", "{458B082F-937B-4CAB-9405-68B4DF3AF90F}"
EndProject
Project("{2150E333-8FDC-42A3-9474-1A3956D46DE8}") = "src", "src", "{F52823DF-2B09-47B2-A1AF-7B65A287CFAF}"
EndProject
Project("{8BC9CEB8-8B4A-11D0-8D11-00A0C91BC942}") = "YPFDecodeFile_WZ", "src\YPFDecodeFile_WZ\YPFDecodeFile_WZ.vcxproj", "{28738615-0192-4C80-B9AF-57E86BDE67CB}"
EndProject
Project("{8BC9CEB8-8B4A-11D0-8D11-00A0C91BC942}") = "YSTBGuessKey", "src\YSTBGuessKey\YSTBGuessKey.vcxproj", "{0C93BD9A-9526-437B-B729-EC09B6873651}"
EndProject
Project("{8BC9CEB8-8B4A-11D0-8D11-00A0C91BC942}") = "YSTBV2TextEditor", "src\YSTBV2TextEditor\YSTBV2TextEditor.vcxproj", "{D0622DC4-8247-479C-896E-565C60DDC621}"
EndProject
Project("{8BC9CEB8-8B4A-11D0-8D11-00A0C91BC942}") = "YSTBXorFile", "src\YSTBXorFile\YSTBXorFile.vcxproj", "{903D1685-F7D6-4B30-9CA3-78326462B464}"
EndProject
Project("{8BC9CEB8-8B4A-11D0-8D11-00A0C91BC942}") = "YSTLStructure", "src\YSTLStructure\YSTLStructure.vcxproj", "{9B896FC6-B57A-46E2-A0A1-245FCF9A8AB3}"
EndProject
Project("{8BC9CEB8-8B4A-11D0-8D11-00A0C91BC942}") = "YSCM_Parse", "src\YSCM_Parse\YSCM_Parse.vcxproj", "{3EDC602D-C57D-4B18-88CB-713E26FFCBB1}"
EndProject
Project("{8BC9CEB8-8B4A-11D0-8D11-00A0C91BC942}") = "YSCFG_Editor", "src\YSCFG_Editor\YSCFG_Editor.vcxproj", "{8526E8D4-92A9-43A0-9E0B-58CEA0B582DA}"
EndProject
Global
	GlobalSection(SolutionConfigurationPlatforms) = preSolution
		Debug|x64 = Debug|x64
		Debug|x86 = Debug|x86
		Release|x64 = Release|x64
		Release|x86 = Release|x86
	EndGlobalSection
	GlobalSection(ProjectConfigurationPlatforms) = postSolution
		{359CFE8E-E80F-4EC4-B6F7-9B477CE59AB0}.Debug|x64.ActiveCfg = Debug|x64
		{359CFE8E-E80F-4EC4-B6F7-9B477CE59AB0}.Debug|x64.Build.0 = Debug|x64
		{359CFE8E-E80F-4EC4-B6F7-9B477CE59AB0}.Debug|x86.ActiveCfg = Debug|Win32
		{359CFE8E-E80F-4EC4-B6F7-9B477CE59AB0}.Debug|x86.Build.0 = Debug|Win32
		{359CFE8E-E80F-4EC4-B6F7-9B477CE59AB0}.Release|x64.ActiveCfg = Release|x64
		{359CFE8E-E80F-4EC4-B6F7-9B477CE59AB0}.Release|x64.Build.0 = Release|x64
		{359CFE8E-E80F-4EC4-B6F7-9B477CE59AB0}.Release|x86.ActiveCfg = Release|Win32
		{359CFE8E-E80F-4EC4-B6F7-9B477CE59AB0}.Release|x86.Build.0 = Release|Win32
		{458B082F-937B-4CAB-9405-68B4DF3AF90F}.Debug|x64.ActiveCfg = Debug|x64
		{458B082F-937B-4CAB-9405-68B4DF3AF90F}.Debug|x64.Build.0 = Debug|x64
		{458B082F-937B-4CAB-9405-68B4DF3AF90F}.Debug|x86.ActiveCfg = Debug|Win32
		{458B082F-937B-4CAB-9405-68B4DF3AF90F}.Debug|x86.Build.0 = Debug|Win32
		{458B082F-937B-4CAB-9405-68B4DF3AF90F}.Release|x64.ActiveCfg = Release|x64
		{458B082F-937B-4CAB-9405-68B4DF3AF90F}.Release|x64.Build.0 = Release|x64
		{458B082F-937B-4CAB-9405-68B4DF3AF90F}.Release|x86.ActiveCfg = Release|Win32
		{458B082F-937B-4CAB-9405-68B4DF3AF90F}.Release|x86.Build.0 = Release|Win32
		{28738615-0192-4C80-B9AF-57E86BDE67CB}.Debug|x64.ActiveCfg = Debug|x64
		{28738615-0192-4C80-B9AF-57E86BDE67CB}.Debug|x64.Build.0 = Debug|x64
		{28738615-0192-4C80-B9AF-57E86BDE67CB}.Debug|x86.ActiveCfg = Debug|Win32
		{28738615-0192-4C80-B9AF-57E86BDE67CB}.Debug|x86.Build.0 = Debug|Win32
		{28738615-0192-4C80-B9AF-57E86BDE67CB}.Release|x64.ActiveCfg = Release|x64
		{28738615-0192-4C80-B9AF-57E86BDE67CB}.Release|x64.Build.0 = Release|x64
		{28738615-0192-4C80-B9AF-57E86BDE67CB}.Release|x86.ActiveCfg = Release|Win32
		{28738615-0192-4C80-B9AF-57E86BDE67CB}.Release|x86.Build.0 = Release|Win32
		{0C93BD9A-9526-437B-B729-EC09B6873651}.Debug|x64.ActiveCfg = Debug|x64
		{0C93BD9A-9526-437B-B729-EC09B6873651}.Debug|x64.Build.0 = Debug|x64
		{0C93BD9A-9526-437B-B729-EC09B6873651}.Debug|x86.ActiveCfg = Debug|Win32
		{0C93BD9A-9526-437B-B729-EC09B6873651}.Debug|x86.Build.0 = Debug|Win32
		{0C93BD9A-9526-437B-B729-EC09B6873651}.Release|x64.ActiveCfg = Release|x64
		{0C93BD9A-9526-437B-B729-EC09B6873651}.Release|x64.Build.0 = Release|x64
		{0C93BD9A-9526-437B-B729-EC09B6873651}.Release|x86.ActiveCfg = Release|Win32
		{0C93BD9A-9526-437B-B729-EC09B6873651}.Release|x86.Build.0 = Release|Win32
		{D0622DC4-8247-479C-896E-565C60DDC621}.Debug|x64.ActiveCfg = Debug|x64
		{D0622DC4-8247-479C-896E-565C60DDC621}.Debug|x64.Build.0 = Debug|x64
		{D0622DC4-8247-479C-896E-565C60DDC621}.Debug|x86.ActiveCfg = Debug|Win32
		{D0622DC4-8247-479C-896E-565C60DDC621}.Debug|x86.Build.0 = Debug|Win32
		{D0622DC4-8247-479C-896E-565C60DDC621}.Release|x64.ActiveCfg = Release|x64
		{D0622DC4-8247-479C-896E-565C60DDC621}.Release|x64.Build.0 = Release|x64
		{D0622DC4-8247-479C-896E-565C60DDC621}.Release|x86.ActiveCfg = Release|Win32
		{D0622DC4-8247-479C-896E-565C60DDC621}.Release|x86.Build.0 = Release|Win32
		{903D1685-F7D6-4B30-9CA3-78326462B464}.Debug|x64.ActiveCfg = Debug|x64
		{903D1685-F7D6-4B30-9CA3-78326462B464}.Debug|x64.Build.0 = Debug|x64
		{903D1685-F7D6-4B30-9CA3-78326462B464}.Debug|x86.ActiveCfg = Debug|Win32
		{903D1685-F7D6-4B30-9CA3-78326462B464}.Debug|x86.Build.0 = Debug|Win32
		{903D1685-F7D6-4B30-9CA3-78326462B464}.Release|x64.ActiveCfg = Release|x64
		{903D1685-F7D6-4B30-9CA3-78326462B464}.Release|x64.Build.0 = Release|x64
		{903D1685-F7D6-4B30-9CA3-78326462B464}.Release|x86.ActiveCfg = Release|Win32
		{903D1685-F7D6-4B30-9CA3-78326462B464}.Release|x86.Build.0 = Release|Win32
		{9B896FC6-B57A-46E2-A0A1-245FCF9A8AB3}.Debug|x64.ActiveCfg = Debug|x64
		{9B896FC6-B57A-46E2-A0A1-245FCF9A8AB3}.Debug|x64.Build.0 = Debug|x64
		{9B896FC6-B57A-46E2-A0A1-245FCF9A8AB3}.Debug|x86.ActiveCfg = Debug|Win32
		{9B896FC6-B57A-46E2-A0A1-245FCF9A8AB3}.Debug|x86.Build.0 = Debug|Win32
		{9B896FC6-B57A-46E2-A0A1-245FCF9A8AB3}.Release|x64.ActiveCfg = Release|x64
		{9B896FC6-B57A-46E2-A0A1-245FCF9A8AB3}.Release|x64.Build.0 = Release|x64
		{9B896FC6-B57A-46E2-A0A1-245FCF9A8AB3}.Release|x86.ActiveCfg = Release|Win32
		{9B896FC6-B57A-46E2-A0A1-245FCF9A8AB3}.Release|x86.Build.0 = Release|Win32
		{3EDC602D-C57D-4B18-88CB-713E26FFCBB1}.Debug|x64.ActiveCfg = Debug|x64
		{3EDC602D-C57D-4B18-88CB-713E26FFCBB1}.Debug|x64.Build.0 = Debug|x64
		{3EDC602D-C57D-4B18-88CB-713E26FFCBB1}.Debug|x86.ActiveCfg = Debug|Win32
		{3EDC602D-C57D-4B18-88CB-713E26FFCBB1}.Debug|x86.Build.0 = Debug|Win32
		{3EDC602D-C57D-4B18-88CB-713E26FFCBB1}.Release|x64.ActiveCfg = Release|x64
		{3EDC602D-C57D-4B18-88CB-713E26FFCBB1}.Release|x64.Build.0 = Release|x64
		{3EDC602D-C57D-4B18-88CB-713E26FFCBB1}.Release|x86.ActiveCfg = Release|Win32
		{3EDC602D-C57D-4B18-88CB-713E26FFCBB1}.Release|x86.Build.0 = Release|Win32
		{8526E8D4-92A9-43A0-9E0B-58CEA0B582DA}.Debug|x64.ActiveCfg = Debug|x64
		{8526E8D4-92A9-43A0-9E0B-58CEA0B582DA}.Debug|x64.Build.0 = Debug|x64
		{8526E8D4-92A9-43A0-9E0B-58CEA0B582DA}.Debug|x86.ActiveCfg = Debug|Win32
		{8526E8D4-92A9-43A0-9E0B-58CEA0B582DA}.Debug|x86.Build.0 = Debug|Win32
		{8526E8D4-92A9-43A0-9E0B-58CEA0B582DA}.Release|x64.ActiveCfg = Release|x64
		{8526E8D4-92A9-43A0-9E0B-58CEA0B582DA}.Release|x64.Build.0 = Release|x64
		{8526E8D4-92A9-43A0-9E0B-58CEA0B582DA}.Release|x86.ActiveCfg = Release|Win32
		{8526E8D4-92A9-43A0-9E0B-58CEA0B582DA}.Release|x86.Build.0 = Release|Win32
	EndGlobalSection
	GlobalSection(SolutionProperties) = preSolution
		HideSolutionNode = FALSE
	EndGlobalSection
	GlobalSection(NestedProjects) = preSolution
		{359CFE8E-E80F-4EC4-B6F7-9B477CE59AB0} = {626022BE-6295-42EB-8F0C-7FAE057C72E8}
		{458B082F-937B-4CAB-9405-68B4DF3AF90F} = {626022BE-6295-42EB-8F0C-7FAE057C72E8}
		{28738615-0192-4C80-B9AF-57E86BDE67CB} = {F52823DF-2B09-47B2-A1AF-7B65A287CFAF}
		{0C93BD9A-9526-437B-B729-EC09B6873651} = {F52823DF-2B09-47B2-A1AF-7B65A287CFAF}
		{D0622DC4-8247-479C-896E-565C60DDC621} = {F52823DF-2B09-47B2-A1AF-7B65A287CFAF}
		{903D1685-F7D6-4B30-9CA3-78326462B464} = {F52823DF-2B09-47B2-A1AF-7B65A287CFAF}
		{9B896FC6-B57A-46E2-A0A1-245FCF9A8AB3} = {F52823DF-2B09-47B2-A1AF-7B65A287CFAF}
		{3EDC602D-C57D-4B18-88CB-713E26FFCBB1} = {F52823DF-2B09-47B2-A1AF-7B65A287CFAF}
		{8526E8D4-92A9-43A0-9E0B-58CEA0B582DA} = {F52823DF-2B09-47B2-A1AF-7B65A287CFAF}
	EndGlobalSection
	GlobalSection(ExtensibilityGlobals) = postSolution
		SolutionGuid = {E9A4A2F9-34ED-458A-89F1-8CADA83B2F69}
	EndGlobalSection
EndGlobal
