
Microsoft Visual Studio Solution File, Format Version 12.00
# Visual Studio Version 17
VisualStudioVersion = 17.4.33122.133
MinimumVisualStudioVersion = 10.0.40219.1
Project("{2150E333-8FDC-42A3-9474-1A3956D46DE8}") = "lib", "lib", "{626022BE-6295-42EB-8F0C-7FAE057C72E8}"
EndProject
Project("{8BC9CEB8-8B4A-11D0-8D11-00A0C91BC942}") = "YurisLibrary", "lib\YurisStaticLibrary\YurisStaticLibrary.vcxproj", "{359CFE8E-E80F-4EC4-B6F7-9B477CE59AB0}"
EndProject
Project("{2150E333-8FDC-42A3-9474-1A3956D46DE8}") = "src", "src", "{F52823DF-2B09-47B2-A1AF-7B65A287CFAF}"
EndProject
Project("{8BC9CEB8-8B4A-11D0-8D11-00A0C91BC942}") = "YSCM_Parse", "src\YSCM_Parse\YSCM_Parse.vcxproj", "{3EDC602D-C57D-4B18-88CB-713E26FFCBB1}"
EndProject
Project("{8BC9CEB8-8B4A-11D0-8D11-00A0C91BC942}") = "YSCFG_Editor", "src\YSCFG_Editor\YSCFG_Editor.vcxproj", "{8526E8D4-92A9-43A0-9E0B-58CEA0B582DA}"
EndProject
Project("{8BC9CEB8-8B4A-11D0-8D11-00A0C91BC942}") = "YSTB_Parse", "src\YSTB_Parse\YSTB_Parse.vcxproj", "{2847F658-5DA7-451B-921C-F7B33D6CE2C9}"
EndProject
Project("{8BC9CEB8-8B4A-11D0-8D11-00A0C91BC942}") = "YSTB_Xor", "src\YSTB_Xor\YSTB_Xor.vcxproj", "{82DCDE05-AD0E-4E1F-9995-055DF5791611}"
EndProject
Project("{8BC9CEB8-8B4A-11D0-8D11-00A0C91BC942}") = "YSTB_GuessXorKey", "src\YSTB_GuessXorKey\YSTB_GuessXorKey.vcxproj", "{1CF812BF-A22A-4437-A4A3-23C2A93A7267}"
EndProject
Project("{8BC9CEB8-8B4A-11D0-8D11-00A0C91BC942}") = "YSCOM_Loader", "src\YSCOM_Loader\YSCOM_Loader.vcxproj", "{953E398E-B518-4516-B214-C56BDBC8A300}"
EndProject
Project("{8BC9CEB8-8B4A-11D0-8D11-00A0C91BC942}") = "YSTB_TextEditor_V2", "src\YSTB_TextEditor_V2\YSTB_TextEditor_V2.vcxproj", "{8A3D92DD-7AE7-4C63-BA72-5A5A63E0DABC}"
EndProject
Project("{8BC9CEB8-8B4A-11D0-8D11-00A0C91BC942}") = "YPF_Decode_WZ", "src\YPF_Decode_WZ\YPF_Decode_WZ.vcxproj", "{9B4DA67F-8BA5-455B-860D-A4F598EF1516}"
EndProject
Project("{8BC9CEB8-8B4A-11D0-8D11-00A0C91BC942}") = "YSTL_Parse", "src\YSTL_Parse\YSTL_Parse.vcxproj", "{7987067A-0C2C-4E7A-ADC6-75EF3438626E}"
EndProject
Project("{8BC9CEB8-8B4A-11D0-8D11-00A0C91BC942}") = "YSTB_TextEditor_V5", "src\YSTB_TextEditor_V5\YSTB_TextEditor_V5.vcxproj", "{84C82B10-ABAE-4828-95E9-5D3938CB6D92}"
EndProject
Project("{8BC9CEB8-8B4A-11D0-8D11-00A0C91BC942}") = "Replace_RangTable", "src\Replace_RangTable\Replace_RangTable.vcxproj", "{F1961557-F64C-477D-BD61-3CDEBE5311B6}"
EndProject
Project("{8BC9CEB8-8B4A-11D0-8D11-00A0C91BC942}") = "Rut", "lib\Rut\Rut.vcxproj", "{9FB51927-7856-4E55-89DD-F83FA52B038B}"
EndProject
Global
	GlobalSection(SolutionConfigurationPlatforms) = preSolution
		Debug|x64 = Debug|x64
		Debug|x86 = Debug|x86
		Release|x64 = Release|x64
		Release|x86 = Release|x86
	EndGlobalSection
	GlobalSection(ProjectConfigurationPlatforms) = postSolution
		{359CFE8E-E80F-4EC4-B6F7-9B477CE59AB0}.Debug|x64.ActiveCfg = Debug|x64
		{359CFE8E-E80F-4EC4-B6F7-9B477CE59AB0}.Debug|x64.Build.0 = Debug|x64
		{359CFE8E-E80F-4EC4-B6F7-9B477CE59AB0}.Debug|x86.ActiveCfg = Debug|Win32
		{359CFE8E-E80F-4EC4-B6F7-9B477CE59AB0}.Debug|x86.Build.0 = Debug|Win32
		{359CFE8E-E80F-4EC4-B6F7-9B477CE59AB0}.Release|x64.ActiveCfg = Release|x64
		{359CFE8E-E80F-4EC4-B6F7-9B477CE59AB0}.Release|x64.Build.0 = Release|x64
		{359CFE8E-E80F-4EC4-B6F7-9B477CE59AB0}.Release|x86.ActiveCfg = Release|Win32
		{359CFE8E-E80F-4EC4-B6F7-9B477CE59AB0}.Release|x86.Build.0 = Release|Win32
		{3EDC602D-C57D-4B18-88CB-713E26FFCBB1}.Debug|x64.ActiveCfg = Debug|x64
		{3EDC602D-C57D-4B18-88CB-713E26FFCBB1}.Debug|x64.Build.0 = Debug|x64
		{3EDC602D-C57D-4B18-88CB-713E26FFCBB1}.Debug|x86.ActiveCfg = Debug|Win32
		{3EDC602D-C57D-4B18-88CB-713E26FFCBB1}.Debug|x86.Build.0 = Debug|Win32
		{3EDC602D-C57D-4B18-88CB-713E26FFCBB1}.Release|x64.ActiveCfg = Release|x64
		{3EDC602D-C57D-4B18-88CB-713E26FFCBB1}.Release|x64.Build.0 = Release|x64
		{3EDC602D-C57D-4B18-88CB-713E26FFCBB1}.Release|x86.ActiveCfg = Release|Win32
		{3EDC602D-C57D-4B18-88CB-713E26FFCBB1}.Release|x86.Build.0 = Release|Win32
		{8526E8D4-92A9-43A0-9E0B-58CEA0B582DA}.Debug|x64.ActiveCfg = Debug|x64
		{8526E8D4-92A9-43A0-9E0B-58CEA0B582DA}.Debug|x64.Build.0 = Debug|x64
		{8526E8D4-92A9-43A0-9E0B-58CEA0B582DA}.Debug|x86.ActiveCfg = Debug|Win32
		{8526E8D4-92A9-43A0-9E0B-58CEA0B582DA}.Debug|x86.Build.0 = Debug|Win32
		{8526E8D4-92A9-43A0-9E0B-58CEA0B582DA}.Release|x64.ActiveCfg = Release|x64
		{8526E8D4-92A9-43A0-9E0B-58CEA0B582DA}.Release|x64.Build.0 = Release|x64
		{8526E8D4-92A9-43A0-9E0B-58CEA0B582DA}.Release|x86.ActiveCfg = Release|Win32
		{8526E8D4-92A9-43A0-9E0B-58CEA0B582DA}.Release|x86.Build.0 = Release|Win32
		{2847F658-5DA7-451B-921C-F7B33D6CE2C9}.Debug|x64.ActiveCfg = Debug|x64
		{2847F658-5DA7-451B-921C-F7B33D6CE2C9}.Debug|x64.Build.0 = Debug|x64
		{2847F658-5DA7-451B-921C-F7B33D6CE2C9}.Debug|x86.ActiveCfg = Debug|Win32
		{2847F658-5DA7-451B-921C-F7B33D6CE2C9}.Debug|x86.Build.0 = Debug|Win32
		{2847F658-5DA7-451B-921C-F7B33D6CE2C9}.Release|x64.ActiveCfg = Release|x64
		{2847F658-5DA7-451B-921C-F7B33D6CE2C9}.Release|x64.Build.0 = Release|x64
		{2847F658-5DA7-451B-921C-F7B33D6CE2C9}.Release|x86.ActiveCfg = Release|Win32
		{2847F658-5DA7-451B-921C-F7B33D6CE2C9}.Release|x86.Build.0 = Release|Win32
		{82DCDE05-AD0E-4E1F-9995-055DF5791611}.Debug|x64.ActiveCfg = Debug|x64
		{82DCDE05-AD0E-4E1F-9995-055DF5791611}.Debug|x64.Build.0 = Debug|x64
		{82DCDE05-AD0E-4E1F-9995-055DF5791611}.Debug|x86.ActiveCfg = Debug|Win32
		{82DCDE05-AD0E-4E1F-9995-055DF5791611}.Debug|x86.Build.0 = Debug|Win32
		{82DCDE05-AD0E-4E1F-9995-055DF5791611}.Release|x64.ActiveCfg = Release|x64
		{82DCDE05-AD0E-4E1F-9995-055DF5791611}.Release|x64.Build.0 = Release|x64
		{82DCDE05-AD0E-4E1F-9995-055DF5791611}.Release|x86.ActiveCfg = Release|Win32
		{82DCDE05-AD0E-4E1F-9995-055DF5791611}.Release|x86.Build.0 = Release|Win32
		{1CF812BF-A22A-4437-A4A3-23C2A93A7267}.Debug|x64.ActiveCfg = Debug|x64
		{1CF812BF-A22A-4437-A4A3-23C2A93A7267}.Debug|x64.Build.0 = Debug|x64
		{1CF812BF-A22A-4437-A4A3-23C2A93A7267}.Debug|x86.ActiveCfg = Debug|Win32
		{1CF812BF-A22A-4437-A4A3-23C2A93A7267}.Debug|x86.Build.0 = Debug|Win32
		{1CF812BF-A22A-4437-A4A3-23C2A93A7267}.Release|x64.ActiveCfg = Release|x64
		{1CF812BF-A22A-4437-A4A3-23C2A93A7267}.Release|x64.Build.0 = Release|x64
		{1CF812BF-A22A-4437-A4A3-23C2A93A7267}.Release|x86.ActiveCfg = Release|Win32
		{1CF812BF-A22A-4437-A4A3-23C2A93A7267}.Release|x86.Build.0 = Release|Win32
		{953E398E-B518-4516-B214-C56BDBC8A300}.Debug|x64.ActiveCfg = Debug|x64
		{953E398E-B518-4516-B214-C56BDBC8A300}.Debug|x64.Build.0 = Debug|x64
		{953E398E-B518-4516-B214-C56BDBC8A300}.Debug|x86.ActiveCfg = Debug|Win32
		{953E398E-B518-4516-B214-C56BDBC8A300}.Debug|x86.Build.0 = Debug|Win32
		{953E398E-B518-4516-B214-C56BDBC8A300}.Release|x64.ActiveCfg = Release|x64
		{953E398E-B518-4516-B214-C56BDBC8A300}.Release|x64.Build.0 = Release|x64
		{953E398E-B518-4516-B214-C56BDBC8A300}.Release|x86.ActiveCfg = Release|Win32
		{953E398E-B518-4516-B214-C56BDBC8A300}.Release|x86.Build.0 = Release|Win32
		{8A3D92DD-7AE7-4C63-BA72-5A5A63E0DABC}.Debug|x64.ActiveCfg = Debug|x64
		{8A3D92DD-7AE7-4C63-BA72-5A5A63E0DABC}.Debug|x64.Build.0 = Debug|x64
		{8A3D92DD-7AE7-4C63-BA72-5A5A63E0DABC}.Debug|x86.ActiveCfg = Debug|Win32
		{8A3D92DD-7AE7-4C63-BA72-5A5A63E0DABC}.Debug|x86.Build.0 = Debug|Win32
		{8A3D92DD-7AE7-4C63-BA72-5A5A63E0DABC}.Release|x64.ActiveCfg = Release|x64
		{8A3D92DD-7AE7-4C63-BA72-5A5A63E0DABC}.Release|x64.Build.0 = Release|x64
		{8A3D92DD-7AE7-4C63-BA72-5A5A63E0DABC}.Release|x86.ActiveCfg = Release|Win32
		{8A3D92DD-7AE7-4C63-BA72-5A5A63E0DABC}.Release|x86.Build.0 = Release|Win32
		{9B4DA67F-8BA5-455B-860D-A4F598EF1516}.Debug|x64.ActiveCfg = Debug|x64
		{9B4DA67F-8BA5-455B-860D-A4F598EF1516}.Debug|x64.Build.0 = Debug|x64
		{9B4DA67F-8BA5-455B-860D-A4F598EF1516}.Debug|x86.ActiveCfg = Debug|Win32
		{9B4DA67F-8BA5-455B-860D-A4F598EF1516}.Debug|x86.Build.0 = Debug|Win32
		{9B4DA67F-8BA5-455B-860D-A4F598EF1516}.Release|x64.ActiveCfg = Release|x64
		{9B4DA67F-8BA5-455B-860D-A4F598EF1516}.Release|x64.Build.0 = Release|x64
		{9B4DA67F-8BA5-455B-860D-A4F598EF1516}.Release|x86.ActiveCfg = Release|Win32
		{9B4DA67F-8BA5-455B-860D-A4F598EF1516}.Release|x86.Build.0 = Release|Win32
		{7987067A-0C2C-4E7A-ADC6-75EF3438626E}.Debug|x64.ActiveCfg = Debug|x64
		{7987067A-0C2C-4E7A-ADC6-75EF3438626E}.Debug|x64.Build.0 = Debug|x64
		{7987067A-0C2C-4E7A-ADC6-75EF3438626E}.Debug|x86.ActiveCfg = Debug|Win32
		{7987067A-0C2C-4E7A-ADC6-75EF3438626E}.Debug|x86.Build.0 = Debug|Win32
		{7987067A-0C2C-4E7A-ADC6-75EF3438626E}.Release|x64.ActiveCfg = Release|x64
		{7987067A-0C2C-4E7A-ADC6-75EF3438626E}.Release|x64.Build.0 = Release|x64
		{7987067A-0C2C-4E7A-ADC6-75EF3438626E}.Release|x86.ActiveCfg = Release|Win32
		{7987067A-0C2C-4E7A-ADC6-75EF3438626E}.Release|x86.Build.0 = Release|Win32
		{84C82B10-ABAE-4828-95E9-5D3938CB6D92}.Debug|x64.ActiveCfg = Debug|x64
		{84C82B10-ABAE-4828-95E9-5D3938CB6D92}.Debug|x64.Build.0 = Debug|x64
		{84C82B10-ABAE-4828-95E9-5D3938CB6D92}.Debug|x86.ActiveCfg = Debug|Win32
		{84C82B10-ABAE-4828-95E9-5D3938CB6D92}.Debug|x86.Build.0 = Debug|Win32
		{84C82B10-ABAE-4828-95E9-5D3938CB6D92}.Release|x64.ActiveCfg = Release|x64
		{84C82B10-ABAE-4828-95E9-5D3938CB6D92}.Release|x64.Build.0 = Release|x64
		{84C82B10-ABAE-4828-95E9-5D3938CB6D92}.Release|x86.ActiveCfg = Release|Win32
		{84C82B10-ABAE-4828-95E9-5D3938CB6D92}.Release|x86.Build.0 = Release|Win32
		{F1961557-F64C-477D-BD61-3CDEBE5311B6}.Debug|x64.ActiveCfg = Debug|x64
		{F1961557-F64C-477D-BD61-3CDEBE5311B6}.Debug|x64.Build.0 = Debug|x64
		{F1961557-F64C-477D-BD61-3CDEBE5311B6}.Debug|x86.ActiveCfg = Debug|Win32
		{F1961557-F64C-477D-BD61-3CDEBE5311B6}.Debug|x86.Build.0 = Debug|Win32
		{F1961557-F64C-477D-BD61-3CDEBE5311B6}.Release|x64.ActiveCfg = Release|x64
		{F1961557-F64C-477D-BD61-3CDEBE5311B6}.Release|x64.Build.0 = Release|x64
		{F1961557-F64C-477D-BD61-3CDEBE5311B6}.Release|x86.ActiveCfg = Release|Win32
		{F1961557-F64C-477D-BD61-3CDEBE5311B6}.Release|x86.Build.0 = Release|Win32
		{9FB51927-7856-4E55-89DD-F83FA52B038B}.Debug|x64.ActiveCfg = Debug|x64
		{9FB51927-7856-4E55-89DD-F83FA52B038B}.Debug|x64.Build.0 = Debug|x64
		{9FB51927-7856-4E55-89DD-F83FA52B038B}.Debug|x86.ActiveCfg = Debug|Win32
		{9FB51927-7856-4E55-89DD-F83FA52B038B}.Debug|x86.Build.0 = Debug|Win32
		{9FB51927-7856-4E55-89DD-F83FA52B038B}.Release|x64.ActiveCfg = Release|x64
		{9FB51927-7856-4E55-89DD-F83FA52B038B}.Release|x64.Build.0 = Release|x64
		{9FB51927-7856-4E55-89DD-F83FA52B038B}.Release|x86.ActiveCfg = Release|Win32
		{9FB51927-7856-4E55-89DD-F83FA52B038B}.Release|x86.Build.0 = Release|Win32
	EndGlobalSection
	GlobalSection(SolutionProperties) = preSolution
		HideSolutionNode = FALSE
	EndGlobalSection
	GlobalSection(NestedProjects) = preSolution
		{359CFE8E-E80F-4EC4-B6F7-9B477CE59AB0} = {626022BE-6295-42EB-8F0C-7FAE057C72E8}
		{3EDC602D-C57D-4B18-88CB-713E26FFCBB1} = {F52823DF-2B09-47B2-A1AF-7B65A287CFAF}
		{8526E8D4-92A9-43A0-9E0B-58CEA0B582DA} = {F52823DF-2B09-47B2-A1AF-7B65A287CFAF}
		{2847F658-5DA7-451B-921C-F7B33D6CE2C9} = {F52823DF-2B09-47B2-A1AF-7B65A287CFAF}
		{82DCDE05-AD0E-4E1F-9995-055DF5791611} = {F52823DF-2B09-47B2-A1AF-7B65A287CFAF}
		{1CF812BF-A22A-4437-A4A3-23C2A93A7267} = {F52823DF-2B09-47B2-A1AF-7B65A287CFAF}
		{953E398E-B518-4516-B214-C56BDBC8A300} = {F52823DF-2B09-47B2-A1AF-7B65A287CFAF}
		{8A3D92DD-7AE7-4C63-BA72-5A5A63E0DABC} = {F52823DF-2B09-47B2-A1AF-7B65A287CFAF}
		{9B4DA67F-8BA5-455B-860D-A4F598EF1516} = {F52823DF-2B09-47B2-A1AF-7B65A287CFAF}
		{7987067A-0C2C-4E7A-ADC6-75EF3438626E} = {F52823DF-2B09-47B2-A1AF-7B65A287CFAF}
		{84C82B10-ABAE-4828-95E9-5D3938CB6D92} = {F52823DF-2B09-47B2-A1AF-7B65A287CFAF}
		{F1961557-F64C-477D-BD61-3CDEBE5311B6} = {F52823DF-2B09-47B2-A1AF-7B65A287CFAF}
		{9FB51927-7856-4E55-89DD-F83FA52B038B} = {626022BE-6295-42EB-8F0C-7FAE057C72E8}
	EndGlobalSection
	GlobalSection(ExtensibilityGlobals) = postSolution
		SolutionGuid = {E9A4A2F9-34ED-458A-89F1-8CADA83B2F69}
	EndGlobalSection
EndGlobal
