<?xml version="1.0" encoding="utf-8"?>
<Project ToolsVersion="4.0" xmlns="http://schemas.microsoft.com/developer/msbuild/2003">
  <ItemGroup>
    <ClInclude Include="YPF.h" />
    <ClInclude Include="YPF_Struct.h" />
    <ClInclude Include="YSTB_Struct.h" />
    <ClInclude Include="YSTL.h" />
    <ClInclude Include="YSTL_Struct.h" />
    <ClInclude Include="YSCM_Struct.h" />
    <ClInclude Include="YSCM.h" />
    <ClInclude Include="YSCFG_Struct.h" />
    <ClInclude Include="YSCFG.h" />
    <ClInclude Include="YSTB.h" />
    <ClInclude Include="YSCOM_Struct.h" />
    <ClInclude Include="YSCOM.h" />
  </ItemGroup>
  <ItemGroup>
    <ClCompile Include="YPF.cpp" />
    <ClCompile Include="YSTL.cpp" />
    <ClCompile Include="YSCM.cpp" />
    <ClCompile Include="YSCFG.cpp" />
    <ClCompile Include="YSTB.cpp" />
    <ClCompile Include="YSCOM.cpp" />
  </ItemGroup>
</Project>