<?xml version="1.0" encoding="utf-8"?>
<Project ToolsVersion="4.0" xmlns="http://schemas.microsoft.com/developer/msbuild/2003">
  <ItemGroup>
    <Filter Include="RxPath">
      <UniqueIdentifier>{4571748e-a9f6-49dc-a981-e30bd966db06}</UniqueIdentifier>
    </Filter>
    <Filter Include="RxStream">
      <UniqueIdentifier>{ffae051e-8b92-4f4d-b8ba-8cbfb26865ee}</UniqueIdentifier>
    </Filter>
    <Filter Include="RxStream\ConsoleStream">
      <UniqueIdentifier>{0e1b3c27-3588-4f84-a344-c45c0cb987ba}</UniqueIdentifier>
    </Filter>
    <Filter Include="RxStream\FileStream">
      <UniqueIdentifier>{d7aa784d-8b8f-4443-b106-ebad2a732457}</UniqueIdentifier>
    </Filter>
    <Filter Include="RxStream\MemoryStream">
      <UniqueIdentifier>{838821a4-b1ad-4524-b8e3-1c842bbedeb2}</UniqueIdentifier>
    </Filter>
    <Filter Include="RxString">
      <UniqueIdentifier>{dbf61932-7a86-46ae-98cd-ae4a3d872c55}</UniqueIdentifier>
    </Filter>
  </ItemGroup>
  <ItemGroup>
    <ClCompile Include="RxPath\RxPath_MakePath.cpp">
      <Filter>RxPath</Filter>
    </ClCompile>
    <ClCompile Include="RxPath\RxPath_FileEnum.cpp">
      <Filter>RxPath</Filter>
    </ClCompile>
    <ClCompile Include="RxStream\ConsoleStream\PutConsole.cpp">
      <Filter>RxStream\ConsoleStream</Filter>
    </ClCompile>
    <ClCompile Include="RxStream\ConsoleStream\AllocConsole.cpp">
      <Filter>RxStream\ConsoleStream</Filter>
    </ClCompile>
    <ClCompile Include="RxStream\FileStream\TextStream.cpp">
      <Filter>RxStream\FileStream</Filter>
    </ClCompile>
    <ClCompile Include="RxStream\FileStream\BasicStream.cpp">
      <Filter>RxStream\FileStream</Filter>
    </ClCompile>
    <ClCompile Include="RxString\RxString_Trim.cpp">
      <Filter>RxString</Filter>
    </ClCompile>
    <ClCompile Include="RxString\RxString_Convert.cpp">
      <Filter>RxString</Filter>
    </ClCompile>
  </ItemGroup>
  <ItemGroup>
    <ClInclude Include="RxPath\RxPath_MakePath.h">
      <Filter>RxPath</Filter>
    </ClInclude>
    <ClInclude Include="RxPath\RxPath_FileEnum.h">
      <Filter>RxPath</Filter>
    </ClInclude>
    <ClInclude Include="RxStream\ConsoleStream\PutConsole.h">
      <Filter>RxStream\ConsoleStream</Filter>
    </ClInclude>
    <ClInclude Include="RxStream\ConsoleStream\AllocConsole.h">
      <Filter>RxStream\ConsoleStream</Filter>
    </ClInclude>
    <ClInclude Include="RxStream\FileStream\BinaryStream.hpp">
      <Filter>RxStream\FileStream</Filter>
    </ClInclude>
    <ClInclude Include="RxStream\FileStream\TextStream.h">
      <Filter>RxStream\FileStream</Filter>
    </ClInclude>
    <ClInclude Include="RxStream\FileStream\BasicStream.h">
      <Filter>RxStream\FileStream</Filter>
    </ClInclude>
    <ClInclude Include="RxStream\MemoryStream\AutoMem.hpp">
      <Filter>RxStream\MemoryStream</Filter>
    </ClInclude>
    <ClInclude Include="RxString\RxString_Convert.h">
      <Filter>RxString</Filter>
    </ClInclude>
    <ClInclude Include="RxString\RxString_Trim.h">
      <Filter>RxString</Filter>
    </ClInclude>
    <ClInclude Include="RxStream.h" />
    <ClInclude Include="RxString.h" />
    <ClInclude Include="RxPath.h" />
  </ItemGroup>
</Project>